
Microsoft Visual Studio Solution File, Format Version 12.00
# Visual Studio Version 17
VisualStudioVersion = 17.1.32328.378
MinimumVisualStudioVersion = 10.0.40219.1
Project("{FAE04EC0-301F-11D3-BF4B-00C04F79EFBC}") = "webapi", "webapi.csproj", "{2EA21A3C-BB7E-4C31-895A-687FE75A99C3}"
EndProject
Global
	GlobalSection(SolutionConfigurationPlatforms) = preSolution
		Debug|Any CPU = Debug|Any CPU
		Release|Any CPU = Release|Any CPU
	EndGlobalSection
	GlobalSection(ProjectConfigurationPlatforms) = postSolution
		{2EA21A3C-BB7E-4C31-895A-687FE75A99C3}.Debug|Any CPU.ActiveCfg = Debug|Any CPU
		{2EA21A3C-BB7E-4C31-895A-687FE75A99C3}.Debug|Any CPU.Build.0 = Debug|Any CPU
		{2EA21A3C-BB7E-4C31-895A-687FE75A99C3}.Release|Any CPU.ActiveCfg = Release|Any CPU
		{2EA21A3C-BB7E-4C31-895A-687FE75A99C3}.Release|Any CPU.Build.0 = Release|Any CPU
	EndGlobalSection
	GlobalSection(SolutionProperties) = preSolution
		HideSolutionNode = FALSE
	EndGlobalSection
	GlobalSection(ExtensibilityGlobals) = postSolution
		SolutionGuid = {1119B78D-F599-423C-A3C7-3BC3D45E0831}
	EndGlobalSection
EndGlobal
